
Microsoft Visual Studio Solution File, Format Version 12.00
# Visual Studio 15
VisualStudioVersion = 15.0.28307.1259
MinimumVisualStudioVersion = 10.0.40219.1
Project("{FAE04EC0-301F-11D3-BF4B-00C04F79EFBC}") = "Employee", "Employee\Employee.csproj", "{AC5A807D-4304-4478-AABE-AF4626861339}"
EndProject
Global
	GlobalSection(SolutionConfigurationPlatforms) = preSolution
		Debug|Any CPU = Debug|Any CPU
		Release|Any CPU = Release|Any CPU
	EndGlobalSection
	GlobalSection(ProjectConfigurationPlatforms) = postSolution
		{AC5A807D-4304-4478-AABE-AF4626861339}.Debug|Any CPU.ActiveCfg = Debug|Any CPU
		{AC5A807D-4304-4478-AABE-AF4626861339}.Debug|Any CPU.Build.0 = Debug|Any CPU
		{AC5A807D-4304-4478-AABE-AF4626861339}.Release|Any CPU.ActiveCfg = Release|Any CPU
		{AC5A807D-4304-4478-AABE-AF4626861339}.Release|Any CPU.Build.0 = Release|Any CPU
	EndGlobalSection
	GlobalSection(SolutionProperties) = preSolution
		HideSolutionNode = FALSE
	EndGlobalSection
	GlobalSection(ExtensibilityGlobals) = postSolution
		SolutionGuid = {BA862648-9A97-45D7-BCBA-8CEE2CD52AC5}
	EndGlobalSection
EndGlobal
